{
  "lockfileVersion": 1,
  "workspaces": {
    "": {
      "name": "example",
      "dependencies": {
        "@protomaps/basemaps": "^5.0.0",
        "maplibre-gl": "^4.7.1",
        "reversejp-wasm": "file:../reversejp-wasm/pkg",
      },
      "devDependencies": {
        "@types/bun": "latest",
      },
      "peerDependencies": {
        "typescript": "^5",
      },
    },
  },
  "packages": {
    "@esbuild/aix-ppc64": ["@esbuild/aix-ppc64@0.25.11", "", { "os": "aix", "cpu": "ppc64" }, "sha512-Xt1dOL13m8u0WE8iplx9Ibbm+hFAO0GsU2P34UNoDGvZYkY8ifSiy6Zuc1lYxfG7svWE2fzqCUmFp5HCn51gJg=="],

    "@esbuild/android-arm": ["@esbuild/android-arm@0.25.11", "", { "os": "android", "cpu": "arm" }, "sha512-uoa7dU+Dt3HYsethkJ1k6Z9YdcHjTrSb5NUy66ZfZaSV8hEYGD5ZHbEMXnqLFlbBflLsl89Zke7CAdDJ4JI+Gg=="],

    "@esbuild/android-arm64": ["@esbuild/android-arm64@0.25.11", "", { "os": "android", "cpu": "arm64" }, "sha512-9slpyFBc4FPPz48+f6jyiXOx/Y4v34TUeDDXJpZqAWQn/08lKGeD8aDp9TMn9jDz2CiEuHwfhRmGBvpnd/PWIQ=="],

    "@esbuild/android-x64": ["@esbuild/android-x64@0.25.11", "", { "os": "android", "cpu": "x64" }, "sha512-Sgiab4xBjPU1QoPEIqS3Xx+R2lezu0LKIEcYe6pftr56PqPygbB7+szVnzoShbx64MUupqoE0KyRlN7gezbl8g=="],

    "@esbuild/darwin-arm64": ["@esbuild/darwin-arm64@0.25.11", "", { "os": "darwin", "cpu": "arm64" }, "sha512-VekY0PBCukppoQrycFxUqkCojnTQhdec0vevUL/EDOCnXd9LKWqD/bHwMPzigIJXPhC59Vd1WFIL57SKs2mg4w=="],

    "@esbuild/darwin-x64": ["@esbuild/darwin-x64@0.25.11", "", { "os": "darwin", "cpu": "x64" }, "sha512-+hfp3yfBalNEpTGp9loYgbknjR695HkqtY3d3/JjSRUyPg/xd6q+mQqIb5qdywnDxRZykIHs3axEqU6l1+oWEQ=="],

    "@esbuild/freebsd-arm64": ["@esbuild/freebsd-arm64@0.25.11", "", { "os": "freebsd", "cpu": "arm64" }, "sha512-CmKjrnayyTJF2eVuO//uSjl/K3KsMIeYeyN7FyDBjsR3lnSJHaXlVoAK8DZa7lXWChbuOk7NjAc7ygAwrnPBhA=="],

    "@esbuild/freebsd-x64": ["@esbuild/freebsd-x64@0.25.11", "", { "os": "freebsd", "cpu": "x64" }, "sha512-Dyq+5oscTJvMaYPvW3x3FLpi2+gSZTCE/1ffdwuM6G1ARang/mb3jvjxs0mw6n3Lsw84ocfo9CrNMqc5lTfGOw=="],

    "@esbuild/linux-arm": ["@esbuild/linux-arm@0.25.11", "", { "os": "linux", "cpu": "arm" }, "sha512-TBMv6B4kCfrGJ8cUPo7vd6NECZH/8hPpBHHlYI3qzoYFvWu2AdTvZNuU/7hsbKWqu/COU7NIK12dHAAqBLLXgw=="],

    "@esbuild/linux-arm64": ["@esbuild/linux-arm64@0.25.11", "", { "os": "linux", "cpu": "arm64" }, "sha512-Qr8AzcplUhGvdyUF08A1kHU3Vr2O88xxP0Tm8GcdVOUm25XYcMPp2YqSVHbLuXzYQMf9Bh/iKx7YPqECs6ffLA=="],

    "@esbuild/linux-ia32": ["@esbuild/linux-ia32@0.25.11", "", { "os": "linux", "cpu": "ia32" }, "sha512-TmnJg8BMGPehs5JKrCLqyWTVAvielc615jbkOirATQvWWB1NMXY77oLMzsUjRLa0+ngecEmDGqt5jiDC6bfvOw=="],

    "@esbuild/linux-loong64": ["@esbuild/linux-loong64@0.25.11", "", { "os": "linux", "cpu": "none" }, "sha512-DIGXL2+gvDaXlaq8xruNXUJdT5tF+SBbJQKbWy/0J7OhU8gOHOzKmGIlfTTl6nHaCOoipxQbuJi7O++ldrxgMw=="],

    "@esbuild/linux-mips64el": ["@esbuild/linux-mips64el@0.25.11", "", { "os": "linux", "cpu": "none" }, "sha512-Osx1nALUJu4pU43o9OyjSCXokFkFbyzjXb6VhGIJZQ5JZi8ylCQ9/LFagolPsHtgw6himDSyb5ETSfmp4rpiKQ=="],

    "@esbuild/linux-ppc64": ["@esbuild/linux-ppc64@0.25.11", "", { "os": "linux", "cpu": "ppc64" }, "sha512-nbLFgsQQEsBa8XSgSTSlrnBSrpoWh7ioFDUmwo158gIm5NNP+17IYmNWzaIzWmgCxq56vfr34xGkOcZ7jX6CPw=="],

    "@esbuild/linux-riscv64": ["@esbuild/linux-riscv64@0.25.11", "", { "os": "linux", "cpu": "none" }, "sha512-HfyAmqZi9uBAbgKYP1yGuI7tSREXwIb438q0nqvlpxAOs3XnZ8RsisRfmVsgV486NdjD7Mw2UrFSw51lzUk1ww=="],

    "@esbuild/linux-s390x": ["@esbuild/linux-s390x@0.25.11", "", { "os": "linux", "cpu": "s390x" }, "sha512-HjLqVgSSYnVXRisyfmzsH6mXqyvj0SA7pG5g+9W7ESgwA70AXYNpfKBqh1KbTxmQVaYxpzA/SvlB9oclGPbApw=="],

    "@esbuild/linux-x64": ["@esbuild/linux-x64@0.25.11", "", { "os": "linux", "cpu": "x64" }, "sha512-HSFAT4+WYjIhrHxKBwGmOOSpphjYkcswF449j6EjsjbinTZbp8PJtjsVK1XFJStdzXdy/jaddAep2FGY+wyFAQ=="],

    "@esbuild/netbsd-arm64": ["@esbuild/netbsd-arm64@0.25.11", "", { "os": "none", "cpu": "arm64" }, "sha512-hr9Oxj1Fa4r04dNpWr3P8QKVVsjQhqrMSUzZzf+LZcYjZNqhA3IAfPQdEh1FLVUJSiu6sgAwp3OmwBfbFgG2Xg=="],

    "@esbuild/netbsd-x64": ["@esbuild/netbsd-x64@0.25.11", "", { "os": "none", "cpu": "x64" }, "sha512-u7tKA+qbzBydyj0vgpu+5h5AeudxOAGncb8N6C9Kh1N4n7wU1Xw1JDApsRjpShRpXRQlJLb9wY28ELpwdPcZ7A=="],

    "@esbuild/openbsd-arm64": ["@esbuild/openbsd-arm64@0.25.11", "", { "os": "openbsd", "cpu": "arm64" }, "sha512-Qq6YHhayieor3DxFOoYM1q0q1uMFYb7cSpLD2qzDSvK1NAvqFi8Xgivv0cFC6J+hWVw2teCYltyy9/m/14ryHg=="],

    "@esbuild/openbsd-x64": ["@esbuild/openbsd-x64@0.25.11", "", { "os": "openbsd", "cpu": "x64" }, "sha512-CN+7c++kkbrckTOz5hrehxWN7uIhFFlmS/hqziSFVWpAzpWrQoAG4chH+nN3Be+Kzv/uuo7zhX716x3Sn2Jduw=="],

    "@esbuild/openharmony-arm64": ["@esbuild/openharmony-arm64@0.25.11", "", { "os": "none", "cpu": "arm64" }, "sha512-rOREuNIQgaiR+9QuNkbkxubbp8MSO9rONmwP5nKncnWJ9v5jQ4JxFnLu4zDSRPf3x4u+2VN4pM4RdyIzDty/wQ=="],

    "@esbuild/sunos-x64": ["@esbuild/sunos-x64@0.25.11", "", { "os": "sunos", "cpu": "x64" }, "sha512-nq2xdYaWxyg9DcIyXkZhcYulC6pQ2FuCgem3LI92IwMgIZ69KHeY8T4Y88pcwoLIjbed8n36CyKoYRDygNSGhA=="],

    "@esbuild/win32-arm64": ["@esbuild/win32-arm64@0.25.11", "", { "os": "win32", "cpu": "arm64" }, "sha512-3XxECOWJq1qMZ3MN8srCJ/QfoLpL+VaxD/WfNRm1O3B4+AZ/BnLVgFbUV3eiRYDMXetciH16dwPbbHqwe1uU0Q=="],

    "@esbuild/win32-ia32": ["@esbuild/win32-ia32@0.25.11", "", { "os": "win32", "cpu": "ia32" }, "sha512-3ukss6gb9XZ8TlRyJlgLn17ecsK4NSQTmdIXRASVsiS2sQ6zPPZklNJT5GR5tE/MUarymmy8kCEf5xPCNCqVOA=="],

    "@esbuild/win32-x64": ["@esbuild/win32-x64@0.25.11", "", { "os": "win32", "cpu": "x64" }, "sha512-D7Hpz6A2L4hzsRpPaCYkQnGOotdUpDzSGRIv9I+1ITdHROSFUWW95ZPZWQmGka1Fg7W3zFJowyn9WGwMJ0+KPA=="],

    "@mapbox/geojson-rewind": ["@mapbox/geojson-rewind@0.5.2", "", { "dependencies": { "get-stream": "^6.0.1", "minimist": "^1.2.6" }, "bin": { "geojson-rewind": "geojson-rewind" } }, "sha512-tJaT+RbYGJYStt7wI3cq4Nl4SXxG8W7JDG5DMJu97V25RnbNg3QtQtf+KD+VLjNpWKYsRvXDNmNrBgEETr1ifA=="],

    "@mapbox/jsonlint-lines-primitives": ["@mapbox/jsonlint-lines-primitives@2.0.2", "", {}, "sha512-rY0o9A5ECsTQRVhv7tL/OyDpGAoUB4tTvLiW1DSzQGq4bvTPhNw1VpSNjDJc5GFZ2XuyOtSWSVN05qOtcD71qQ=="],

    "@mapbox/point-geometry": ["@mapbox/point-geometry@0.1.0", "", {}, "sha512-6j56HdLTwWGO0fJPlrZtdU/B13q8Uwmo18Ck2GnGgN9PCFyKTZ3UbXeEdRFh18i9XQ92eH2VdtpJHpBD3aripQ=="],

    "@mapbox/tiny-sdf": ["@mapbox/tiny-sdf@2.0.7", "", {}, "sha512-25gQLQMcpivjOSA40g3gO6qgiFPDpWRoMfd+G/GoppPIeP6JDaMMkMrEJnMZhKyyS6iKwVt5YKu02vCUyJM3Ug=="],

    "@mapbox/unitbezier": ["@mapbox/unitbezier@0.0.1", "", {}, "sha512-nMkuDXFv60aBr9soUG5q+GvZYL+2KZHVvsqFCzqnkGEf46U2fvmytHaEVc1/YZbiLn8X+eR3QzX1+dwDO1lxlw=="],

    "@mapbox/vector-tile": ["@mapbox/vector-tile@1.3.1", "", { "dependencies": { "@mapbox/point-geometry": "~0.1.0" } }, "sha512-MCEddb8u44/xfQ3oD+Srl/tNcQoqTw3goGk2oLsrFxOTc3dUp+kAnby3PvAeeBYSMSjSPD1nd1AJA6W49WnoUw=="],

    "@mapbox/whoots-js": ["@mapbox/whoots-js@3.1.0", "", {}, "sha512-Es6WcD0nO5l+2BOQS4uLfNPYQaNDfbot3X1XUoloz+x0mPDS3eeORZJl06HXjwBG1fOGwCRnzK88LMdxKRrd6Q=="],

    "@maplibre/maplibre-gl-style-spec": ["@maplibre/maplibre-gl-style-spec@20.4.0", "", { "dependencies": { "@mapbox/jsonlint-lines-primitives": "~2.0.2", "@mapbox/unitbezier": "^0.0.1", "json-stringify-pretty-compact": "^4.0.0", "minimist": "^1.2.8", "quickselect": "^2.0.0", "rw": "^1.3.3", "tinyqueue": "^3.0.0" }, "bin": { "gl-style-format": "dist/gl-style-format.mjs", "gl-style-migrate": "dist/gl-style-migrate.mjs", "gl-style-validate": "dist/gl-style-validate.mjs" } }, "sha512-AzBy3095fTFPjDjmWpR2w6HVRAZJ6hQZUCwk5Plz6EyfnfuQW1odeW5i2Ai47Y6TBA2hQnC+azscjBSALpaWgw=="],

    "@protomaps/basemaps": ["@protomaps/basemaps@5.5.1", "", { "dependencies": { "tsx": "^4.19.4" }, "bin": { "generate_style": "src/cli.ts" } }, "sha512-dAQS0AVJcnPz5E6hfBxlu56MOYfkzq17wf+kXLGhHN8U9qNxYJZtoiRA9Q3hnTwKi7iAQ0rIekAF399skcX7fQ=="],

    "@types/bun": ["@types/bun@1.3.0", "", { "dependencies": { "bun-types": "1.3.0" } }, "sha512-+lAGCYjXjip2qY375xX/scJeVRmZ5cY0wyHYyCYxNcdEXrQ4AOe3gACgd4iQ8ksOslJtW4VNxBJ8llUwc3a6AA=="],

    "@types/geojson": ["@types/geojson@7946.0.16", "", {}, "sha512-6C8nqWur3j98U6+lXDfTUWIfgvZU+EumvpHKcYjujKH7woYyLj2sUmff0tRhrqM7BohUw7Pz3ZB1jj2gW9Fvmg=="],

    "@types/geojson-vt": ["@types/geojson-vt@3.2.5", "", { "dependencies": { "@types/geojson": "*" } }, "sha512-qDO7wqtprzlpe8FfQ//ClPV9xiuoh2nkIgiouIptON9w5jvD/fA4szvP9GBlDVdJ5dldAl0kX/sy3URbWwLx0g=="],

    "@types/mapbox__point-geometry": ["@types/mapbox__point-geometry@0.1.4", "", {}, "sha512-mUWlSxAmYLfwnRBmgYV86tgYmMIICX4kza8YnE/eIlywGe2XoOxlpVnXWwir92xRLjwyarqwpu2EJKD2pk0IUA=="],

    "@types/mapbox__vector-tile": ["@types/mapbox__vector-tile@1.3.4", "", { "dependencies": { "@types/geojson": "*", "@types/mapbox__point-geometry": "*", "@types/pbf": "*" } }, "sha512-bpd8dRn9pr6xKvuEBQup8pwQfD4VUyqO/2deGjfpe6AwC8YRlyEipvefyRJUSiCJTZuCb8Pl1ciVV5ekqJ96Bg=="],

    "@types/node": ["@types/node@24.7.2", "", { "dependencies": { "undici-types": "~7.14.0" } }, "sha512-/NbVmcGTP+lj5oa4yiYxxeBjRivKQ5Ns1eSZeB99ExsEQ6rX5XYU1Zy/gGxY/ilqtD4Etx9mKyrPxZRetiahhA=="],

    "@types/pbf": ["@types/pbf@3.0.5", "", {}, "sha512-j3pOPiEcWZ34R6a6mN07mUkM4o4Lwf6hPNt8eilOeZhTFbxFXmKhvXl9Y28jotFPaI1bpPDJsbCprUoNke6OrA=="],

    "@types/react": ["@types/react@19.2.2", "", { "dependencies": { "csstype": "^3.0.2" } }, "sha512-6mDvHUFSjyT2B2yeNx2nUgMxh9LtOWvkhIU3uePn2I2oyNymUAX1NIsdgviM4CH+JSrp2D2hsMvJOkxY+0wNRA=="],

    "@types/supercluster": ["@types/supercluster@7.1.3", "", { "dependencies": { "@types/geojson": "*" } }, "sha512-Z0pOY34GDFl3Q6hUFYf3HkTwKEE02e7QgtJppBt+beEAxnyOpJua+voGFvxINBHa06GwLFFym7gRPY2SiKIfIA=="],

    "bun-types": ["bun-types@1.3.0", "", { "dependencies": { "@types/node": "*" }, "peerDependencies": { "@types/react": "^19" } }, "sha512-u8X0thhx+yJ0KmkxuEo9HAtdfgCBaM/aI9K90VQcQioAmkVp3SG3FkwWGibUFz3WdXAdcsqOcbU40lK7tbHdkQ=="],

    "csstype": ["csstype@3.1.3", "", {}, "sha512-M1uQkMl8rQK/szD0LNhtqxIPLpimGm8sOBwU7lLnCpSbTyY3yeU1Vc7l4KT5zT4s/yOxHH5O7tIuuLOCnLADRw=="],

    "earcut": ["earcut@3.0.2", "", {}, "sha512-X7hshQbLyMJ/3RPhyObLARM2sNxxmRALLKx1+NVFFnQ9gKzmCrxm9+uLIAdBcvc8FNLpctqlQ2V6AE92Ol9UDQ=="],

    "esbuild": ["esbuild@0.25.11", "", { "optionalDependencies": { "@esbuild/aix-ppc64": "0.25.11", "@esbuild/android-arm": "0.25.11", "@esbuild/android-arm64": "0.25.11", "@esbuild/android-x64": "0.25.11", "@esbuild/darwin-arm64": "0.25.11", "@esbuild/darwin-x64": "0.25.11", "@esbuild/freebsd-arm64": "0.25.11", "@esbuild/freebsd-x64": "0.25.11", "@esbuild/linux-arm": "0.25.11", "@esbuild/linux-arm64": "0.25.11", "@esbuild/linux-ia32": "0.25.11", "@esbuild/linux-loong64": "0.25.11", "@esbuild/linux-mips64el": "0.25.11", "@esbuild/linux-ppc64": "0.25.11", "@esbuild/linux-riscv64": "0.25.11", "@esbuild/linux-s390x": "0.25.11", "@esbuild/linux-x64": "0.25.11", "@esbuild/netbsd-arm64": "0.25.11", "@esbuild/netbsd-x64": "0.25.11", "@esbuild/openbsd-arm64": "0.25.11", "@esbuild/openbsd-x64": "0.25.11", "@esbuild/openharmony-arm64": "0.25.11", "@esbuild/sunos-x64": "0.25.11", "@esbuild/win32-arm64": "0.25.11", "@esbuild/win32-ia32": "0.25.11", "@esbuild/win32-x64": "0.25.11" }, "bin": { "esbuild": "bin/esbuild" } }, "sha512-KohQwyzrKTQmhXDW1PjCv3Tyspn9n5GcY2RTDqeORIdIJY8yKIF7sTSopFmn/wpMPW4rdPXI0UE5LJLuq3bx0Q=="],

    "fsevents": ["fsevents@2.3.3", "", { "os": "darwin" }, "sha512-5xoDfX+fL7faATnagmWPpbFtwh/R77WmMMqqHGS65C3vvB0YHrgF+B1YmZ3441tMj5n63k0212XNoJwzlhffQw=="],

    "geojson-vt": ["geojson-vt@4.0.2", "", {}, "sha512-AV9ROqlNqoZEIJGfm1ncNjEXfkz2hdFlZf0qkVfmkwdKa8vj7H16YUOT81rJw1rdFhyEDlN2Tds91p/glzbl5A=="],

    "get-stream": ["get-stream@6.0.1", "", {}, "sha512-ts6Wi+2j3jQjqi70w5AlN8DFnkSwC+MqmxEzdEALB2qXZYV3X/b1CTfgPLGJNMeAWxdPfU8FO1ms3NUfaHCPYg=="],

    "get-tsconfig": ["get-tsconfig@4.12.0", "", { "dependencies": { "resolve-pkg-maps": "^1.0.0" } }, "sha512-LScr2aNr2FbjAjZh2C6X6BxRx1/x+aTDExct/xyq2XKbYOiG5c0aK7pMsSuyc0brz3ibr/lbQiHD9jzt4lccJw=="],

    "gl-matrix": ["gl-matrix@3.4.4", "", {}, "sha512-latSnyDNt/8zYUB6VIJ6PCh2jBjJX6gnDsoCZ7LyW7GkqrD51EWwa9qCoGixj8YqBtETQK/xY7OmpTF8xz1DdQ=="],

    "global-prefix": ["global-prefix@4.0.0", "", { "dependencies": { "ini": "^4.1.3", "kind-of": "^6.0.3", "which": "^4.0.0" } }, "sha512-w0Uf9Y9/nyHinEk5vMJKRie+wa4kR5hmDbEhGGds/kG1PwGLLHKRoNMeJOyCQjjBkANlnScqgzcFwGHgmgLkVA=="],

    "ieee754": ["ieee754@1.2.1", "", {}, "sha512-dcyqhDvX1C46lXZcVqCpK+FtMRQVdIMN6/Df5js2zouUsqG7I6sFxitIC+7KYK29KdXOLHdu9zL4sFnoVQnqaA=="],

    "ini": ["ini@4.1.3", "", {}, "sha512-X7rqawQBvfdjS10YU1y1YVreA3SsLrW9dX2CewP2EbBJM4ypVNLDkO5y04gejPwKIY9lR+7r9gn3rFPt/kmWFg=="],

    "isexe": ["isexe@3.1.1", "", {}, "sha512-LpB/54B+/2J5hqQ7imZHfdU31OlgQqx7ZicVlkm9kzg9/w8GKLEcFfJl/t7DCEDueOyBAD6zCCwTO6Fzs0NoEQ=="],

    "json-stringify-pretty-compact": ["json-stringify-pretty-compact@4.0.0", "", {}, "sha512-3CNZ2DnrpByG9Nqj6Xo8vqbjT4F6N+tb4Gb28ESAZjYZ5yqvmc56J+/kuIwkaAMOyblTQhUW7PxMkUb8Q36N3Q=="],

    "kdbush": ["kdbush@4.0.2", "", {}, "sha512-WbCVYJ27Sz8zi9Q7Q0xHC+05iwkm3Znipc2XTlrnJbsHMYktW4hPhXUE8Ys1engBrvffoSCqbil1JQAa7clRpA=="],

    "kind-of": ["kind-of@6.0.3", "", {}, "sha512-dcS1ul+9tmeD95T+x28/ehLgd9mENa3LsvDTtzm3vyBEO7RPptvAD+t44WVXaUjTBRcrpFeFlC8WCruUR456hw=="],

    "maplibre-gl": ["maplibre-gl@4.7.1", "", { "dependencies": { "@mapbox/geojson-rewind": "^0.5.2", "@mapbox/jsonlint-lines-primitives": "^2.0.2", "@mapbox/point-geometry": "^0.1.0", "@mapbox/tiny-sdf": "^2.0.6", "@mapbox/unitbezier": "^0.0.1", "@mapbox/vector-tile": "^1.3.1", "@mapbox/whoots-js": "^3.1.0", "@maplibre/maplibre-gl-style-spec": "^20.3.1", "@types/geojson": "^7946.0.14", "@types/geojson-vt": "3.2.5", "@types/mapbox__point-geometry": "^0.1.4", "@types/mapbox__vector-tile": "^1.3.4", "@types/pbf": "^3.0.5", "@types/supercluster": "^7.1.3", "earcut": "^3.0.0", "geojson-vt": "^4.0.2", "gl-matrix": "^3.4.3", "global-prefix": "^4.0.0", "kdbush": "^4.0.2", "murmurhash-js": "^1.0.0", "pbf": "^3.3.0", "potpack": "^2.0.0", "quickselect": "^3.0.0", "supercluster": "^8.0.1", "tinyqueue": "^3.0.0", "vt-pbf": "^3.1.3" } }, "sha512-lgL7XpIwsgICiL82ITplfS7IGwrB1OJIw/pCvprDp2dhmSSEBgmPzYRvwYYYvJGJD7fxUv1Tvpih4nZ6VrLuaA=="],

    "minimist": ["minimist@1.2.8", "", {}, "sha512-2yyAR8qBkN3YuheJanUpWC5U3bb5osDywNB8RzDVlDwDHbocAJveqqj1u8+SVD7jkWT4yvsHCpWqqWqAxb0zCA=="],

    "murmurhash-js": ["murmurhash-js@1.0.0", "", {}, "sha512-TvmkNhkv8yct0SVBSy+o8wYzXjE4Zz3PCesbfs8HiCXXdcTuocApFv11UWlNFWKYsP2okqrhb7JNlSm9InBhIw=="],

    "pbf": ["pbf@3.3.0", "", { "dependencies": { "ieee754": "^1.1.12", "resolve-protobuf-schema": "^2.1.0" }, "bin": { "pbf": "bin/pbf" } }, "sha512-XDF38WCH3z5OV/OVa8GKUNtLAyneuzbCisx7QUCF8Q6Nutx0WnJrQe5O+kOtBlLfRNUws98Y58Lblp+NJG5T4Q=="],

    "potpack": ["potpack@2.1.0", "", {}, "sha512-pcaShQc1Shq0y+E7GqJqvZj8DTthWV1KeHGdi0Z6IAin2Oi3JnLCOfwnCo84qc+HAp52wT9nK9H7FAJp5a44GQ=="],

    "protocol-buffers-schema": ["protocol-buffers-schema@3.6.0", "", {}, "sha512-TdDRD+/QNdrCGCE7v8340QyuXd4kIWIgapsE2+n/SaGiSSbomYl4TjHlvIoCWRpE7wFt02EpB35VVA2ImcBVqw=="],

    "quickselect": ["quickselect@3.0.0", "", {}, "sha512-XdjUArbK4Bm5fLLvlm5KpTFOiOThgfWWI4axAZDWg4E/0mKdZyI9tNEfds27qCi1ze/vwTR16kvmmGhRra3c2g=="],

    "resolve-pkg-maps": ["resolve-pkg-maps@1.0.0", "", {}, "sha512-seS2Tj26TBVOC2NIc2rOe2y2ZO7efxITtLZcGSOnHHNOQ7CkiUBfw0Iw2ck6xkIhPwLhKNLS8BO+hEpngQlqzw=="],

    "resolve-protobuf-schema": ["resolve-protobuf-schema@2.1.0", "", { "dependencies": { "protocol-buffers-schema": "^3.3.1" } }, "sha512-kI5ffTiZWmJaS/huM8wZfEMer1eRd7oJQhDuxeCLe3t7N7mX3z94CN0xPxBQxFYQTSNz9T0i+v6inKqSdK8xrQ=="],

    "reversejp-wasm": ["reversejp-wasm@file:../reversejp-wasm/pkg", {}],

    "rw": ["rw@1.3.3", "", {}, "sha512-PdhdWy89SiZogBLaw42zdeqtRJ//zFd2PgQavcICDUgJT5oW10QCRKbJ6bg4r0/UY2M6BWd5tkxuGFRvCkgfHQ=="],

    "supercluster": ["supercluster@8.0.1", "", { "dependencies": { "kdbush": "^4.0.2" } }, "sha512-IiOea5kJ9iqzD2t7QJq/cREyLHTtSmUT6gQsweojg9WH2sYJqZK9SswTu6jrscO6D1G5v5vYZ9ru/eq85lXeZQ=="],

    "tinyqueue": ["tinyqueue@3.0.0", "", {}, "sha512-gRa9gwYU3ECmQYv3lslts5hxuIa90veaEcxDYuu3QGOIAEM2mOZkVHp48ANJuu1CURtRdHKUBY5Lm1tHV+sD4g=="],

    "tsx": ["tsx@4.20.6", "", { "dependencies": { "esbuild": "~0.25.0", "get-tsconfig": "^4.7.5" }, "optionalDependencies": { "fsevents": "~2.3.3" }, "bin": { "tsx": "dist/cli.mjs" } }, "sha512-ytQKuwgmrrkDTFP4LjR0ToE2nqgy886GpvRSpU0JAnrdBYppuY5rLkRUYPU1yCryb24SsKBTL/hlDQAEFVwtZg=="],

    "typescript": ["typescript@5.9.3", "", { "bin": { "tsc": "bin/tsc", "tsserver": "bin/tsserver" } }, "sha512-jl1vZzPDinLr9eUt3J/t7V6FgNEw9QjvBPdysz9KfQDD41fQrC2Y4vKQdiaUpFT4bXlb1RHhLpp8wtm6M5TgSw=="],

    "undici-types": ["undici-types@7.14.0", "", {}, "sha512-QQiYxHuyZ9gQUIrmPo3IA+hUl4KYk8uSA7cHrcKd/l3p1OTpZcM0Tbp9x7FAtXdAYhlasd60ncPpgu6ihG6TOA=="],

    "vt-pbf": ["vt-pbf@3.1.3", "", { "dependencies": { "@mapbox/point-geometry": "0.1.0", "@mapbox/vector-tile": "^1.3.1", "pbf": "^3.2.1" } }, "sha512-2LzDFzt0mZKZ9IpVF2r69G9bXaP2Q2sArJCmcCgvfTdCCZzSyz4aCLoQyUilu37Ll56tCblIZrXFIjNUpGIlmA=="],

    "which": ["which@4.0.0", "", { "dependencies": { "isexe": "^3.1.1" }, "bin": { "node-which": "bin/which.js" } }, "sha512-GlaYyEb07DPxYCKhKzplCWBJtvxZcZMrL+4UkrTSJHHPyZU4mYYTv3qaOe77H7EODLSSopAUFAc6W8U4yqvscg=="],

    "@maplibre/maplibre-gl-style-spec/quickselect": ["quickselect@2.0.0", "", {}, "sha512-RKJ22hX8mHe3Y6wH/N3wCM6BWtjaxIyyUIkpHOvfFnxdI4yD4tBXEBKSbriGujF6jnSVkJrffuo6vxACiSSxIw=="],
  }
}
